# This file is automatically @generated by Cargo.
# It is not intended for manual editing.
version = 4

[[package]]
name = "gfx_types"
version = "0.1.0"

[[package]]
name = "redpowder"
version = "0.2.0"
dependencies = [
 "gfx_types",
]

[[package]]
name = "terminal"
version = "0.2.0"
dependencies = [
 "redpowder",
]
